// !$*UTF8*$!
{
	archiveVersion = 1;
	classes = {
	};
	objectVersion = 56;
	objects = {

/* Begin PBXBuildFile section */
		EE03A73C2B727BF7004F6B92 /* AppDelegate.swift in Sources */ = {isa = PBXBuildFile; fileRef = EE03A73B2B727BF7004F6B92 /* AppDelegate.swift */; };
		EE03A7432B727BF7004F6B92 /* Main.storyboard in Resources */ = {isa = PBXBuildFile; fileRef = EE03A7412B727BF7004F6B92 /* Main.storyboard */; };
		EE03A7452B727BF8004F6B92 /* Assets.xcassets in Resources */ = {isa = PBXBuildFile; fileRef = EE03A7442B727BF8004F6B92 /* Assets.xcassets */; };
		EE03A7482B727BF8004F6B92 /* LaunchScreen.storyboard in Resources */ = {isa = PBXBuildFile; fileRef = EE03A7462B727BF8004F6B92 /* LaunchScreen.storyboard */; };
		EE03A7552B727C24004F6B92 /* MainPageViewModel.swift in Sources */ = {isa = PBXBuildFile; fileRef = EE03A7542B727C24004F6B92 /* MainPageViewModel.swift */; };
		EE03A7592B727C43004F6B92 /* MainPageCellType.swift in Sources */ = {isa = PBXBuildFile; fileRef = EE03A7582B727C43004F6B92 /* MainPageCellType.swift */; };
		EE03A75B2B727CB5004F6B92 /* FilterCellModel.swift in Sources */ = {isa = PBXBuildFile; fileRef = EE03A75A2B727CB5004F6B92 /* FilterCellModel.swift */; };
		EE03A75D2B727D0E004F6B92 /* SliderCellModel.swift in Sources */ = {isa = PBXBuildFile; fileRef = EE03A75C2B727D0E004F6B92 /* SliderCellModel.swift */; };
		EE03A75F2B727D57004F6B92 /* MostRecommendedCellModel.swift in Sources */ = {isa = PBXBuildFile; fileRef = EE03A75E2B727D57004F6B92 /* MostRecommendedCellModel.swift */; };
		EE03A7612B727DF4004F6B92 /* MainPageModel.swift in Sources */ = {isa = PBXBuildFile; fileRef = EE03A7602B727DF4004F6B92 /* MainPageModel.swift */; };
		EE03A7662B7466B9004F6B92 /* MainPageViewController.swift in Sources */ = {isa = PBXBuildFile; fileRef = EE03A7642B7466B9004F6B92 /* MainPageViewController.swift */; };
		EE03A7672B7466B9004F6B92 /* MainPageViewController.xib in Resources */ = {isa = PBXBuildFile; fileRef = EE03A7652B7466B9004F6B92 /* MainPageViewController.xib */; };
		EE03A76A2B7467A6004F6B92 /* Reusable.swift in Sources */ = {isa = PBXBuildFile; fileRef = EE03A7692B7467A6004F6B92 /* Reusable.swift */; };
		EE03A76E2B7467DB004F6B92 /* FilterCollectionViewCell.swift in Sources */ = {isa = PBXBuildFile; fileRef = EE03A76C2B7467DB004F6B92 /* FilterCollectionViewCell.swift */; };
		EE03A76F2B7467DB004F6B92 /* FilterCollectionViewCell.xib in Resources */ = {isa = PBXBuildFile; fileRef = EE03A76D2B7467DB004F6B92 /* FilterCollectionViewCell.xib */; };
		EE03A7742B7468D3004F6B92 /* SliderCollectionViewCell.swift in Sources */ = {isa = PBXBuildFile; fileRef = EE03A7722B7468D3004F6B92 /* SliderCollectionViewCell.swift */; };
		EE03A7752B7468D3004F6B92 /* SliderCollectionViewCell.xib in Resources */ = {isa = PBXBuildFile; fileRef = EE03A7732B7468D3004F6B92 /* SliderCollectionViewCell.xib */; };
		EE03A7792B746B03004F6B92 /* MostRecommendedCollectionViewCell.swift in Sources */ = {isa = PBXBuildFile; fileRef = EE03A7772B746B03004F6B92 /* MostRecommendedCollectionViewCell.swift */; };
		EE03A77A2B746B03004F6B92 /* MostRecommendedCollectionViewCell.xib in Resources */ = {isa = PBXBuildFile; fileRef = EE03A7782B746B03004F6B92 /* MostRecommendedCollectionViewCell.xib */; };
		EEBD85602B7811190041889D /* CompositionalLayoutManager.swift in Sources */ = {isa = PBXBuildFile; fileRef = EEBD855F2B7811190041889D /* CompositionalLayoutManager.swift */; };
		EEDBBBB92B7A1E5A001EB0F9 /* MostRecommendedHeaderView.swift in Sources */ = {isa = PBXBuildFile; fileRef = EEDBBBB72B7A1E5A001EB0F9 /* MostRecommendedHeaderView.swift */; };
		EEDBBBBA2B7A1E5A001EB0F9 /* MostRecommendedHeaderView.xib in Resources */ = {isa = PBXBuildFile; fileRef = EEDBBBB82B7A1E5A001EB0F9 /* MostRecommendedHeaderView.xib */; };
/* End PBXBuildFile section */

/* Begin PBXFileReference section */
		EE03A7382B727BF7004F6B92 /* SampleCompositionalLayout.app */ = {isa = PBXFileReference; explicitFileType = wrapper.application; includeInIndex = 0; path = SampleCompositionalLayout.app; sourceTree = BUILT_PRODUCTS_DIR; };
		EE03A73B2B727BF7004F6B92 /* AppDelegate.swift */ = {isa = PBXFileReference; lastKnownFileType = sourcecode.swift; path = AppDelegate.swift; sourceTree = "<group>"; };
		EE03A7422B727BF7004F6B92 /* Base */ = {isa = PBXFileReference; lastKnownFileType = file.storyboard; name = Base; path = Base.lproj/Main.storyboard; sourceTree = "<group>"; };
		EE03A7442B727BF8004F6B92 /* Assets.xcassets */ = {isa = PBXFileReference; lastKnownFileType = folder.assetcatalog; path = Assets.xcassets; sourceTree = "<group>"; };
		EE03A7472B727BF8004F6B92 /* Base */ = {isa = PBXFileReference; lastKnownFileType = file.storyboard; name = Base; path = Base.lproj/LaunchScreen.storyboard; sourceTree = "<group>"; };
		EE03A7492B727BF8004F6B92 /* Info.plist */ = {isa = PBXFileReference; lastKnownFileType = text.plist.xml; path = Info.plist; sourceTree = "<group>"; };
		EE03A7542B727C24004F6B92 /* MainPageViewModel.swift */ = {isa = PBXFileReference; lastKnownFileType = sourcecode.swift; path = MainPageViewModel.swift; sourceTree = "<group>"; };
		EE03A7582B727C43004F6B92 /* MainPageCellType.swift */ = {isa = PBXFileReference; lastKnownFileType = sourcecode.swift; path = MainPageCellType.swift; sourceTree = "<group>"; };
		EE03A75A2B727CB5004F6B92 /* FilterCellModel.swift */ = {isa = PBXFileReference; lastKnownFileType = sourcecode.swift; path = FilterCellModel.swift; sourceTree = "<group>"; };
		EE03A75C2B727D0E004F6B92 /* SliderCellModel.swift */ = {isa = PBXFileReference; lastKnownFileType = sourcecode.swift; path = SliderCellModel.swift; sourceTree = "<group>"; };
		EE03A75E2B727D57004F6B92 /* MostRecommendedCellModel.swift */ = {isa = PBXFileReference; lastKnownFileType = sourcecode.swift; path = MostRecommendedCellModel.swift; sourceTree = "<group>"; };
		EE03A7602B727DF4004F6B92 /* MainPageModel.swift */ = {isa = PBXFileReference; lastKnownFileType = sourcecode.swift; path = MainPageModel.swift; sourceTree = "<group>"; };
		EE03A7642B7466B9004F6B92 /* MainPageViewController.swift */ = {isa = PBXFileReference; lastKnownFileType = sourcecode.swift; path = MainPageViewController.swift; sourceTree = "<group>"; };
		EE03A7652B7466B9004F6B92 /* MainPageViewController.xib */ = {isa = PBXFileReference; lastKnownFileType = file.xib; path = MainPageViewController.xib; sourceTree = "<group>"; };
		EE03A7692B7467A6004F6B92 /* Reusable.swift */ = {isa = PBXFileReference; lastKnownFileType = sourcecode.swift; path = Reusable.swift; sourceTree = "<group>"; };
		EE03A76C2B7467DB004F6B92 /* FilterCollectionViewCell.swift */ = {isa = PBXFileReference; lastKnownFileType = sourcecode.swift; path = FilterCollectionViewCell.swift; sourceTree = "<group>"; };
		EE03A76D2B7467DB004F6B92 /* FilterCollectionViewCell.xib */ = {isa = PBXFileReference; lastKnownFileType = file.xib; path = FilterCollectionViewCell.xib; sourceTree = "<group>"; };
		EE03A7722B7468D3004F6B92 /* SliderCollectionViewCell.swift */ = {isa = PBXFileReference; lastKnownFileType = sourcecode.swift; path = SliderCollectionViewCell.swift; sourceTree = "<group>"; };
		EE03A7732B7468D3004F6B92 /* SliderCollectionViewCell.xib */ = {isa = PBXFileReference; lastKnownFileType = file.xib; path = SliderCollectionViewCell.xib; sourceTree = "<group>"; };
		EE03A7772B746B03004F6B92 /* MostRecommendedCollectionViewCell.swift */ = {isa = PBXFileReference; lastKnownFileType = sourcecode.swift; path = MostRecommendedCollectionViewCell.swift; sourceTree = "<group>"; };
		EE03A7782B746B03004F6B92 /* MostRecommendedCollectionViewCell.xib */ = {isa = PBXFileReference; lastKnownFileType = file.xib; path = MostRecommendedCollectionViewCell.xib; sourceTree = "<group>"; };
		EEBD855F2B7811190041889D /* CompositionalLayoutManager.swift */ = {isa = PBXFileReference; lastKnownFileType = sourcecode.swift; path = CompositionalLayoutManager.swift; sourceTree = "<group>"; };
		EEDBBBB72B7A1E5A001EB0F9 /* MostRecommendedHeaderView.swift */ = {isa = PBXFileReference; lastKnownFileType = sourcecode.swift; path = MostRecommendedHeaderView.swift; sourceTree = "<group>"; };
		EEDBBBB82B7A1E5A001EB0F9 /* MostRecommendedHeaderView.xib */ = {isa = PBXFileReference; lastKnownFileType = file.xib; path = MostRecommendedHeaderView.xib; sourceTree = "<group>"; };
/* End PBXFileReference section */

/* Begin PBXFrameworksBuildPhase section */
		EE03A7352B727BF7004F6B92 /* Frameworks */ = {
			isa = PBXFrameworksBuildPhase;
			buildActionMask = 2147483647;
			files = (
			);
			runOnlyForDeploymentPostprocessing = 0;
		};
/* End PBXFrameworksBuildPhase section */

/* Begin PBXGroup section */
		EE03A72F2B727BF7004F6B92 = {
			isa = PBXGroup;
			children = (
				EE03A73A2B727BF7004F6B92 /* SampleCompositionalLayout */,
				EE03A7392B727BF7004F6B92 /* Products */,
			);
			sourceTree = "<group>";
		};
		EE03A7392B727BF7004F6B92 /* Products */ = {
			isa = PBXGroup;
			children = (
				EE03A7382B727BF7004F6B92 /* SampleCompositionalLayout.app */,
			);
			name = Products;
			sourceTree = "<group>";
		};
		EE03A73A2B727BF7004F6B92 /* SampleCompositionalLayout */ = {
			isa = PBXGroup;
			children = (
				EE03A7682B74670B004F6B92 /* Extensions */,
				EE03A7572B727C39004F6B92 /* Enums */,
				EE03A7562B727C33004F6B92 /* Models */,
				EE03A7502B727C05004F6B92 /* Scenes */,
				EE03A74F2B727BFF004F6B92 /* Managers */,
				EE03A73B2B727BF7004F6B92 /* AppDelegate.swift */,
				EE03A7412B727BF7004F6B92 /* Main.storyboard */,
				EE03A7442B727BF8004F6B92 /* Assets.xcassets */,
				EE03A7462B727BF8004F6B92 /* LaunchScreen.storyboard */,
				EE03A7492B727BF8004F6B92 /* Info.plist */,
			);
			path = SampleCompositionalLayout;
			sourceTree = "<group>";
		};
		EE03A74F2B727BFF004F6B92 /* Managers */ = {
			isa = PBXGroup;
			children = (
				EEBD855F2B7811190041889D /* CompositionalLayoutManager.swift */,
			);
			path = Managers;
			sourceTree = "<group>";
		};
		EE03A7502B727C05004F6B92 /* Scenes */ = {
			isa = PBXGroup;
			children = (
				EE03A7512B727C0B004F6B92 /* MainPage */,
			);
			path = Scenes;
			sourceTree = "<group>";
		};
		EE03A7512B727C0B004F6B92 /* MainPage */ = {
			isa = PBXGroup;
			children = (
				EE03A7532B727C18004F6B92 /* ViewModel */,
				EE03A7522B727C13004F6B92 /* Views */,
			);
			path = MainPage;
			sourceTree = "<group>";
		};
		EE03A7522B727C13004F6B92 /* Views */ = {
			isa = PBXGroup;
			children = (
				EE03A76B2B7467C9004F6B92 /* Cells */,
				EE03A7642B7466B9004F6B92 /* MainPageViewController.swift */,
				EE03A7652B7466B9004F6B92 /* MainPageViewController.xib */,
			);
			path = Views;
			sourceTree = "<group>";
		};
		EE03A7532B727C18004F6B92 /* ViewModel */ = {
			isa = PBXGroup;
			children = (
				EE03A7542B727C24004F6B92 /* MainPageViewModel.swift */,
			);
			path = ViewModel;
			sourceTree = "<group>";
		};
		EE03A7562B727C33004F6B92 /* Models */ = {
			isa = PBXGroup;
			children = (
				EE03A75A2B727CB5004F6B92 /* FilterCellModel.swift */,
				EE03A75C2B727D0E004F6B92 /* SliderCellModel.swift */,
				EE03A75E2B727D57004F6B92 /* MostRecommendedCellModel.swift */,
				EE03A7602B727DF4004F6B92 /* MainPageModel.swift */,
			);
			path = Models;
			sourceTree = "<group>";
		};
		EE03A7572B727C39004F6B92 /* Enums */ = {
			isa = PBXGroup;
			children = (
				EE03A7582B727C43004F6B92 /* MainPageCellType.swift */,
			);
			path = Enums;
			sourceTree = "<group>";
		};
		EE03A7682B74670B004F6B92 /* Extensions */ = {
			isa = PBXGroup;
			children = (
				EE03A7692B7467A6004F6B92 /* Reusable.swift */,
			);
			path = Extensions;
			sourceTree = "<group>";
		};
		EE03A76B2B7467C9004F6B92 /* Cells */ = {
			isa = PBXGroup;
			children = (
				EE03A7762B746A48004F6B92 /* MostRecommendedCell */,
				EE03A7712B7468BB004F6B92 /* SliderCell */,
				EE03A7702B7468B2004F6B92 /* FilterCell */,
			);
			path = Cells;
			sourceTree = "<group>";
		};
		EE03A7702B7468B2004F6B92 /* FilterCell */ = {
			isa = PBXGroup;
			children = (
				EE03A76C2B7467DB004F6B92 /* FilterCollectionViewCell.swift */,
				EE03A76D2B7467DB004F6B92 /* FilterCollectionViewCell.xib */,
			);
			path = FilterCell;
			sourceTree = "<group>";
		};
		EE03A7712B7468BB004F6B92 /* SliderCell */ = {
			isa = PBXGroup;
			children = (
				EE03A7722B7468D3004F6B92 /* SliderCollectionViewCell.swift */,
				EE03A7732B7468D3004F6B92 /* SliderCollectionViewCell.xib */,
			);
			path = SliderCell;
			sourceTree = "<group>";
		};
		EE03A7762B746A48004F6B92 /* MostRecommendedCell */ = {
			isa = PBXGroup;
			children = (
				EE03A7772B746B03004F6B92 /* MostRecommendedCollectionViewCell.swift */,
				EE03A7782B746B03004F6B92 /* MostRecommendedCollectionViewCell.xib */,
				EEDBBBB72B7A1E5A001EB0F9 /* MostRecommendedHeaderView.swift */,
				EEDBBBB82B7A1E5A001EB0F9 /* MostRecommendedHeaderView.xib */,
			);
			path = MostRecommendedCell;
			sourceTree = "<group>";
		};
/* End PBXGroup section */

/* Begin PBXNativeTarget section */
		EE03A7372B727BF7004F6B92 /* SampleCompositionalLayout */ = {
			isa = PBXNativeTarget;
			buildConfigurationList = EE03A74C2B727BF8004F6B92 /* Build configuration list for PBXNativeTarget "SampleCompositionalLayout" */;
			buildPhases = (
				EE03A7342B727BF7004F6B92 /* Sources */,
				EE03A7352B727BF7004F6B92 /* Frameworks */,
				EE03A7362B727BF7004F6B92 /* Resources */,
			);
			buildRules = (
			);
			dependencies = (
			);
			name = SampleCompositionalLayout;
			productName = SampleCompositionalLayout;
			productReference = EE03A7382B727BF7004F6B92 /* SampleCompositionalLayout.app */;
			productType = "com.apple.product-type.application";
		};
/* End PBXNativeTarget section */

/* Begin PBXProject section */
		EE03A7302B727BF7004F6B92 /* Project object */ = {
			isa = PBXProject;
			attributes = {
				BuildIndependentTargetsInParallel = 1;
				LastSwiftUpdateCheck = 1510;
				LastUpgradeCheck = 1510;
				TargetAttributes = {
					EE03A7372B727BF7004F6B92 = {
						CreatedOnToolsVersion = 15.1;
					};
				};
			};
			buildConfigurationList = EE03A7332B727BF7004F6B92 /* Build configuration list for PBXProject "SampleCompositionalLayout" */;
			compatibilityVersion = "Xcode 14.0";
			developmentRegion = en;
			hasScannedForEncodings = 0;
			knownRegions = (
				en,
				Base,
			);
			mainGroup = EE03A72F2B727BF7004F6B92;
			productRefGroup = EE03A7392B727BF7004F6B92 /* Products */;
			projectDirPath = "";
			projectRoot = "";
			targets = (
				EE03A7372B727BF7004F6B92 /* SampleCompositionalLayout */,
			);
		};
/* End PBXProject section */

/* Begin PBXResourcesBuildPhase section */
		EE03A7362B727BF7004F6B92 /* Resources */ = {
			isa = PBXResourcesBuildPhase;
			buildActionMask = 2147483647;
			files = (
				EEDBBBBA2B7A1E5A001EB0F9 /* MostRecommendedHeaderView.xib in Resources */,
				EE03A7672B7466B9004F6B92 /* MainPageViewController.xib in Resources */,
				EE03A76F2B7467DB004F6B92 /* FilterCollectionViewCell.xib in Resources */,
				EE03A7482B727BF8004F6B92 /* LaunchScreen.storyboard in Resources */,
				EE03A77A2B746B03004F6B92 /* MostRecommendedCollectionViewCell.xib in Resources */,
				EE03A7452B727BF8004F6B92 /* Assets.xcassets in Resources */,
				EE03A7432B727BF7004F6B92 /* Main.storyboard in Resources */,
				EE03A7752B7468D3004F6B92 /* SliderCollectionViewCell.xib in Resources */,
			);
			runOnlyForDeploymentPostprocessing = 0;
		};
/* End PBXResourcesBuildPhase section */

/* Begin PBXSourcesBuildPhase section */
		EE03A7342B727BF7004F6B92 /* Sources */ = {
			isa = PBXSourcesBuildPhase;
			buildActionMask = 2147483647;
			files = (
				EE03A76A2B7467A6004F6B92 /* Reusable.swift in Sources */,
				EE03A75F2B727D57004F6B92 /* MostRecommendedCellModel.swift in Sources */,
				EE03A7592B727C43004F6B92 /* MainPageCellType.swift in Sources */,
				EE03A7792B746B03004F6B92 /* MostRecommendedCollectionViewCell.swift in Sources */,
				EEBD85602B7811190041889D /* CompositionalLayoutManager.swift in Sources */,
				EE03A7742B7468D3004F6B92 /* SliderCollectionViewCell.swift in Sources */,
				EE03A75D2B727D0E004F6B92 /* SliderCellModel.swift in Sources */,
				EE03A75B2B727CB5004F6B92 /* FilterCellModel.swift in Sources */,
				EEDBBBB92B7A1E5A001EB0F9 /* MostRecommendedHeaderView.swift in Sources */,
				EE03A7552B727C24004F6B92 /* MainPageViewModel.swift in Sources */,
				EE03A73C2B727BF7004F6B92 /* AppDelegate.swift in Sources */,
				EE03A7662B7466B9004F6B92 /* MainPageViewController.swift in Sources */,
				EE03A7612B727DF4004F6B92 /* MainPageModel.swift in Sources */,
				EE03A76E2B7467DB004F6B92 /* FilterCollectionViewCell.swift in Sources */,
			);
			runOnlyForDeploymentPostprocessing = 0;
		};
/* End PBXSourcesBuildPhase section */

/* Begin PBXVariantGroup section */
		EE03A7412B727BF7004F6B92 /* Main.storyboard */ = {
			isa = PBXVariantGroup;
			children = (
				EE03A7422B727BF7004F6B92 /* Base */,
			);
			name = Main.storyboard;
			sourceTree = "<group>";
		};
		EE03A7462B727BF8004F6B92 /* LaunchScreen.storyboard */ = {
			isa = PBXVariantGroup;
			children = (
				EE03A7472B727BF8004F6B92 /* Base */,
			);
			name = LaunchScreen.storyboard;
			sourceTree = "<group>";
		};
/* End PBXVariantGroup section */

/* Begin XCBuildConfiguration section */
		EE03A74A2B727BF8004F6B92 /* Debug */ = {
			isa = XCBuildConfiguration;
			buildSettings = {
				ALWAYS_SEARCH_USER_PATHS = NO;
				ASSETCATALOG_COMPILER_GENERATE_SWIFT_ASSET_SYMBOL_EXTENSIONS = YES;
				CLANG_ANALYZER_NONNULL = YES;
				CLANG_ANALYZER_NUMBER_OBJECT_CONVERSION = YES_AGGRESSIVE;
				CLANG_CXX_LANGUAGE_STANDARD = "gnu++20";
				CLANG_ENABLE_MODULES = YES;
				CLANG_ENABLE_OBJC_ARC = YES;
				CLANG_ENABLE_OBJC_WEAK = YES;
				CLANG_WARN_BLOCK_CAPTURE_AUTORELEASING = YES;
				CLANG_WARN_BOOL_CONVERSION = YES;
				CLANG_WARN_COMMA = YES;
				CLANG_WARN_CONSTANT_CONVERSION = YES;
				CLANG_WARN_DEPRECATED_OBJC_IMPLEMENTATIONS = YES;
				CLANG_WARN_DIRECT_OBJC_ISA_USAGE = YES_ERROR;
				CLANG_WARN_DOCUMENTATION_COMMENTS = YES;
				CLANG_WARN_EMPTY_BODY = YES;
				CLANG_WARN_ENUM_CONVERSION = YES;
				CLANG_WARN_INFINITE_RECURSION = YES;
				CLANG_WARN_INT_CONVERSION = YES;
				CLANG_WARN_NON_LITERAL_NULL_CONVERSION = YES;
				CLANG_WARN_OBJC_IMPLICIT_RETAIN_SELF = YES;
				CLANG_WARN_OBJC_LITERAL_CONVERSION = YES;
				CLANG_WARN_OBJC_ROOT_CLASS = YES_ERROR;
				CLANG_WARN_QUOTED_INCLUDE_IN_FRAMEWORK_HEADER = YES;
				CLANG_WARN_RANGE_LOOP_ANALYSIS = YES;
				CLANG_WARN_STRICT_PROTOTYPES = YES;
				CLANG_WARN_SUSPICIOUS_MOVE = YES;
				CLANG_WARN_UNGUARDED_AVAILABILITY = YES_AGGRESSIVE;
				CLANG_WARN_UNREACHABLE_CODE = YES;
				CLANG_WARN__DUPLICATE_METHOD_MATCH = YES;
				COPY_PHASE_STRIP = NO;
				DEBUG_INFORMATION_FORMAT = dwarf;
				ENABLE_STRICT_OBJC_MSGSEND = YES;
				ENABLE_TESTABILITY = YES;
				ENABLE_USER_SCRIPT_SANDBOXING = YES;
				GCC_C_LANGUAGE_STANDARD = gnu17;
				GCC_DYNAMIC_NO_PIC = NO;
				GCC_NO_COMMON_BLOCKS = YES;
				GCC_OPTIMIZATION_LEVEL = 0;
				GCC_PREPROCESSOR_DEFINITIONS = (
					"DEBUG=1",
					"$(inherited)",
				);
				GCC_WARN_64_TO_32_BIT_CONVERSION = YES;
				GCC_WARN_ABOUT_RETURN_TYPE = YES_ERROR;
				GCC_WARN_UNDECLARED_SELECTOR = YES;
				GCC_WARN_UNINITIALIZED_AUTOS = YES_AGGRESSIVE;
				GCC_WARN_UNUSED_FUNCTION = YES;
				GCC_WARN_UNUSED_VARIABLE = YES;
				IPHONEOS_DEPLOYMENT_TARGET = 17.2;
				LOCALIZATION_PREFERS_STRING_CATALOGS = YES;
				MTL_ENABLE_DEBUG_INFO = INCLUDE_SOURCE;
				MTL_FAST_MATH = YES;
				ONLY_ACTIVE_ARCH = YES;
				SDKROOT = iphoneos;
				SWIFT_ACTIVE_COMPILATION_CONDITIONS = "DEBUG $(inherited)";
				SWIFT_OPTIMIZATION_LEVEL = "-Onone";
			};
			name = Debug;
		};
		EE03A74B2B727BF8004F6B92 /* Release */ = {
			isa = XCBuildConfiguration;
			buildSettings = {
				ALWAYS_SEARCH_USER_PATHS = NO;
				ASSETCATALOG_COMPILER_GENERATE_SWIFT_ASSET_SYMBOL_EXTENSIONS = YES;
				CLANG_ANALYZER_NONNULL = YES;
				CLANG_ANALYZER_NUMBER_OBJECT_CONVERSION = YES_AGGRESSIVE;
				CLANG_CXX_LANGUAGE_STANDARD = "gnu++20";
				CLANG_ENABLE_MODULES = YES;
				CLANG_ENABLE_OBJC_ARC = YES;
				CLANG_ENABLE_OBJC_WEAK = YES;
				CLANG_WARN_BLOCK_CAPTURE_AUTORELEASING = YES;
				CLANG_WARN_BOOL_CONVERSION = YES;
				CLANG_WARN_COMMA = YES;
				CLANG_WARN_CONSTANT_CONVERSION = YES;
				CLANG_WARN_DEPRECATED_OBJC_IMPLEMENTATIONS = YES;
				CLANG_WARN_DIRECT_OBJC_ISA_USAGE = YES_ERROR;
				CLANG_WARN_DOCUMENTATION_COMMENTS = YES;
				CLANG_WARN_EMPTY_BODY = YES;
				CLANG_WARN_ENUM_CONVERSION = YES;
				CLANG_WARN_INFINITE_RECURSION = YES;
				CLANG_WARN_INT_CONVERSION = YES;
				CLANG_WARN_NON_LITERAL_NULL_CONVERSION = YES;
				CLANG_WARN_OBJC_IMPLICIT_RETAIN_SELF = YES;
				CLANG_WARN_OBJC_LITERAL_CONVERSION = YES;
				CLANG_WARN_OBJC_ROOT_CLASS = YES_ERROR;
				CLANG_WARN_QUOTED_INCLUDE_IN_FRAMEWORK_HEADER = YES;
				CLANG_WARN_RANGE_LOOP_ANALYSIS = YES;
				CLANG_WARN_STRICT_PROTOTYPES = YES;
				CLANG_WARN_SUSPICIOUS_MOVE = YES;
				CLANG_WARN_UNGUARDED_AVAILABILITY = YES_AGGRESSIVE;
				CLANG_WARN_UNREACHABLE_CODE = YES;
				CLANG_WARN__DUPLICATE_METHOD_MATCH = YES;
				COPY_PHASE_STRIP = NO;
				DEBUG_INFORMATION_FORMAT = "dwarf-with-dsym";
				ENABLE_NS_ASSERTIONS = NO;
				ENABLE_STRICT_OBJC_MSGSEND = YES;
				ENABLE_USER_SCRIPT_SANDBOXING = YES;
				GCC_C_LANGUAGE_STANDARD = gnu17;
				GCC_NO_COMMON_BLOCKS = YES;
				GCC_WARN_64_TO_32_BIT_CONVERSION = YES;
				GCC_WARN_ABOUT_RETURN_TYPE = YES_ERROR;
				GCC_WARN_UNDECLARED_SELECTOR = YES;
				GCC_WARN_UNINITIALIZED_AUTOS = YES_AGGRESSIVE;
				GCC_WARN_UNUSED_FUNCTION = YES;
				GCC_WARN_UNUSED_VARIABLE = YES;
				IPHONEOS_DEPLOYMENT_TARGET = 17.2;
				LOCALIZATION_PREFERS_STRING_CATALOGS = YES;
				MTL_ENABLE_DEBUG_INFO = NO;
				MTL_FAST_MATH = YES;
				SDKROOT = iphoneos;
				SWIFT_COMPILATION_MODE = wholemodule;
				VALIDATE_PRODUCT = YES;
			};
			name = Release;
		};
		EE03A74D2B727BF8004F6B92 /* Debug */ = {
			isa = XCBuildConfiguration;
			buildSettings = {
				ASSETCATALOG_COMPILER_APPICON_NAME = AppIcon;
				ASSETCATALOG_COMPILER_GLOBAL_ACCENT_COLOR_NAME = AccentColor;
				CODE_SIGN_STYLE = Automatic;
				CURRENT_PROJECT_VERSION = 1;
				GENERATE_INFOPLIST_FILE = YES;
				INFOPLIST_FILE = SampleCompositionalLayout/Info.plist;
				INFOPLIST_KEY_UIApplicationSupportsIndirectInputEvents = YES;
				INFOPLIST_KEY_UILaunchStoryboardName = LaunchScreen;
				INFOPLIST_KEY_UIMainStoryboardFile = "";
				INFOPLIST_KEY_UISupportedInterfaceOrientations_iPad = "UIInterfaceOrientationPortrait UIInterfaceOrientationPortraitUpsideDown UIInterfaceOrientationLandscapeLeft UIInterfaceOrientationLandscapeRight";
				INFOPLIST_KEY_UISupportedInterfaceOrientations_iPhone = "UIInterfaceOrientationPortrait UIInterfaceOrientationLandscapeLeft UIInterfaceOrientationLandscapeRight";
				LD_RUNPATH_SEARCH_PATHS = (
					"$(inherited)",
					"@executable_path/Frameworks",
				);
				MARKETING_VERSION = 1.0;
				PRODUCT_BUNDLE_IDENTIFIER = com.collectionview.SampleCompositionalLayout;
				PRODUCT_NAME = "$(TARGET_NAME)";
				SWIFT_EMIT_LOC_STRINGS = YES;
				SWIFT_VERSION = 5.0;
				TARGETED_DEVICE_FAMILY = "1,2";
			};
			name = Debug;
		};
		EE03A74E2B727BF8004F6B92 /* Release */ = {
			isa = XCBuildConfiguration;
			buildSettings = {
				ASSETCATALOG_COMPILER_APPICON_NAME = AppIcon;
				ASSETCATALOG_COMPILER_GLOBAL_ACCENT_COLOR_NAME = AccentColor;
				CODE_SIGN_STYLE = Automatic;
				CURRENT_PROJECT_VERSION = 1;
				GENERATE_INFOPLIST_FILE = YES;
				INFOPLIST_FILE = SampleCompositionalLayout/Info.plist;
				INFOPLIST_KEY_UIApplicationSupportsIndirectInputEvents = YES;
				INFOPLIST_KEY_UILaunchStoryboardName = LaunchScreen;
				INFOPLIST_KEY_UIMainStoryboardFile = "";
				INFOPLIST_KEY_UISupportedInterfaceOrientations_iPad = "UIInterfaceOrientationPortrait UIInterfaceOrientationPortraitUpsideDown UIInterfaceOrientationLandscapeLeft UIInterfaceOrientationLandscapeRight";
				INFOPLIST_KEY_UISupportedInterfaceOrientations_iPhone = "UIInterfaceOrientationPortrait UIInterfaceOrientationLandscapeLeft UIInterfaceOrientationLandscapeRight";
				LD_RUNPATH_SEARCH_PATHS = (
					"$(inherited)",
					"@executable_path/Frameworks",
				);
				MARKETING_VERSION = 1.0;
				PRODUCT_BUNDLE_IDENTIFIER = com.collectionview.SampleCompositionalLayout;
				PRODUCT_NAME = "$(TARGET_NAME)";
				SWIFT_EMIT_LOC_STRINGS = YES;
				SWIFT_VERSION = 5.0;
				TARGETED_DEVICE_FAMILY = "1,2";
			};
			name = Release;
		};
/* End XCBuildConfiguration section */

/* Begin XCConfigurationList section */
		EE03A7332B727BF7004F6B92 /* Build configuration list for PBXProject "SampleCompositionalLayout" */ = {
			isa = XCConfigurationList;
			buildConfigurations = (
				EE03A74A2B727BF8004F6B92 /* Debug */,
				EE03A74B2B727BF8004F6B92 /* Release */,
			);
			defaultConfigurationIsVisible = 0;
			defaultConfigurationName = Release;
		};
		EE03A74C2B727BF8004F6B92 /* Build configuration list for PBXNativeTarget "SampleCompositionalLayout" */ = {
			isa = XCConfigurationList;
			buildConfigurations = (
				EE03A74D2B727BF8004F6B92 /* Debug */,
				EE03A74E2B727BF8004F6B92 /* Release */,
			);
			defaultConfigurationIsVisible = 0;
			defaultConfigurationName = Release;
		};
/* End XCConfigurationList section */
	};
	rootObject = EE03A7302B727BF7004F6B92 /* Project object */;
}
